
Microsoft Visual Studio Solution File, Format Version 12.00
# Visual Studio Version 17
VisualStudioVersion = 17.8.34227.203
MinimumVisualStudioVersion = 10.0.40219.1
Project("{FAE04EC0-301F-11D3-BF4B-00C04F79EFBC}") = "SerilogWeb.v4", "SerilogWeb.v4.csproj", "{8A716383-3AD0-40B6-BD36-C8016749AC45}"
EndProject
Global
	GlobalSection(SolutionConfigurationPlatforms) = preSolution
		Debug|Any CPU = Debug|Any CPU
		Release|Any CPU = Release|Any CPU
	EndGlobalSection
	GlobalSection(ProjectConfigurationPlatforms) = postSolution
		{8A716383-3AD0-40B6-BD36-C8016749AC45}.Debug|Any CPU.ActiveCfg = Debug|Any CPU
		{8A716383-3AD0-40B6-BD36-C8016749AC45}.Debug|Any CPU.Build.0 = Debug|Any CPU
		{8A716383-3AD0-40B6-BD36-C8016749AC45}.Release|Any CPU.ActiveCfg = Release|Any CPU
		{8A716383-3AD0-40B6-BD36-C8016749AC45}.Release|Any CPU.Build.0 = Release|Any CPU
	EndGlobalSection
	GlobalSection(SolutionProperties) = preSolution
		HideSolutionNode = FALSE
	EndGlobalSection
	GlobalSection(ExtensibilityGlobals) = postSolution
		SolutionGuid = {244075F8-BAE3-4C3B-991E-7037AD0034E7}
	EndGlobalSection
EndGlobal
